{
  "version": "5",
  "specifiers": {
    "jsr:@nshiab/bump-version@*": "0.1.4",
    "jsr:@nshiab/deno-docs-to-md@*": "0.1.12",
    "jsr:@std/assert@*": "1.0.16",
    "jsr:@std/internal@^1.0.12": "1.0.12"
  },
  "jsr": {
    "@nshiab/bump-version@0.1.4": {
      "integrity": "f00c57584240d658426fa7b5b5b12eb14c0ecebcf360daf7ca1033946e60ba29"
    },
    "@nshiab/deno-docs-to-md@0.1.12": {
      "integrity": "bfd7872bc6631b071c2785f29bf1fcfd9c5d69ecd109ea45afe912379ef58292"
    },
    "@std/assert@1.0.16": {
      "integrity": "6a7272ed1eaa77defe76e5ff63ca705d9c495077e2d5fd0126d2b53fc5bd6532",
      "dependencies": [
        "jsr:@std/internal"
      ]
    },
    "@std/internal@1.0.12": {
      "integrity": "972a634fd5bc34b242024402972cd5143eac68d8dffaca5eaa4dba30ce17b027"
    }
  }
}
